
Microsoft Visual Studio Solution File, Format Version 12.00
# Visual Studio Version 16
VisualStudioVersion = 16.0.30413.136
MinimumVisualStudioVersion = 10.0.40219.1
Project("{9A19103F-16F7-4668-BE54-9A1E7A4F7556}") = "SharpGas", "SharpGas.csproj", "{DAF2D78E-A0C5-49D1-84DE-F57E27AA1F41}"
EndProject
Project("{9A19103F-16F7-4668-BE54-9A1E7A4F7556}") = "SharpGasCore", "..\SharpGasCore\SharpGasCore.csproj", "{1CA0692D-3173-4361-A02B-1126A3AEABC5}"
EndProject
Project("{9A19103F-16F7-4668-BE54-9A1E7A4F7556}") = "SharpGasData", "..\SharpGasData\SharpGasData.csproj", "{6878C647-5163-4DC0-8302-9CDD3D85DCA8}"
EndProject
Project("{9A19103F-16F7-4668-BE54-9A1E7A4F7556}") = "sharpgas.idp", "..\sharpgas.idp\sharpgas.idp.csproj", "{36C45B85-648D-4AD6-8756-1D74348CB46F}"
EndProject
Project("{2150E333-8FDC-42A3-9474-1A3956D46DE8}") = "Solution Items", "Solution Items", "{1B4A410A-D123-46C2-9BC0-24E87723F530}"
	ProjectSection(SolutionItems) = preProject
		.editorconfig = .editorconfig
	EndProjectSection
EndProject
Global
	GlobalSection(SolutionConfigurationPlatforms) = preSolution
		Debug|Any CPU = Debug|Any CPU
		Release|Any CPU = Release|Any CPU
	EndGlobalSection
	GlobalSection(ProjectConfigurationPlatforms) = postSolution
		{DAF2D78E-A0C5-49D1-84DE-F57E27AA1F41}.Debug|Any CPU.ActiveCfg = Debug|Any CPU
		{DAF2D78E-A0C5-49D1-84DE-F57E27AA1F41}.Debug|Any CPU.Build.0 = Debug|Any CPU
		{DAF2D78E-A0C5-49D1-84DE-F57E27AA1F41}.Release|Any CPU.ActiveCfg = Release|Any CPU
		{DAF2D78E-A0C5-49D1-84DE-F57E27AA1F41}.Release|Any CPU.Build.0 = Release|Any CPU
		{1CA0692D-3173-4361-A02B-1126A3AEABC5}.Debug|Any CPU.ActiveCfg = Debug|Any CPU
		{1CA0692D-3173-4361-A02B-1126A3AEABC5}.Debug|Any CPU.Build.0 = Debug|Any CPU
		{1CA0692D-3173-4361-A02B-1126A3AEABC5}.Release|Any CPU.ActiveCfg = Release|Any CPU
		{1CA0692D-3173-4361-A02B-1126A3AEABC5}.Release|Any CPU.Build.0 = Release|Any CPU
		{6878C647-5163-4DC0-8302-9CDD3D85DCA8}.Debug|Any CPU.ActiveCfg = Debug|Any CPU
		{6878C647-5163-4DC0-8302-9CDD3D85DCA8}.Debug|Any CPU.Build.0 = Debug|Any CPU
		{6878C647-5163-4DC0-8302-9CDD3D85DCA8}.Release|Any CPU.ActiveCfg = Release|Any CPU
		{6878C647-5163-4DC0-8302-9CDD3D85DCA8}.Release|Any CPU.Build.0 = Release|Any CPU
		{36C45B85-648D-4AD6-8756-1D74348CB46F}.Debug|Any CPU.ActiveCfg = Debug|Any CPU
		{36C45B85-648D-4AD6-8756-1D74348CB46F}.Debug|Any CPU.Build.0 = Debug|Any CPU
		{36C45B85-648D-4AD6-8756-1D74348CB46F}.Release|Any CPU.ActiveCfg = Release|Any CPU
		{36C45B85-648D-4AD6-8756-1D74348CB46F}.Release|Any CPU.Build.0 = Release|Any CPU
	EndGlobalSection
	GlobalSection(SolutionProperties) = preSolution
		HideSolutionNode = FALSE
	EndGlobalSection
	GlobalSection(ExtensibilityGlobals) = postSolution
		SolutionGuid = {11FA017C-2858-4289-BB0E-ED623F88E5C2}
	EndGlobalSection
EndGlobal
